
Microsoft Visual Studio Solution File, Format Version 12.00
# Visual Studio Version 16
VisualStudioVersion = 16.0.31005.135
MinimumVisualStudioVersion = 10.0.40219.1
Project("{2150E333-8FDC-42A3-9474-1A3956D46DE8}") = "src", "src", "{1E73786F-3390-486A-B3F9-705B7AF6466C}"
EndProject
Project("{2150E333-8FDC-42A3-9474-1A3956D46DE8}") = "test", "test", "{43B2A42E-B102-4034-93F3-9D99B40444A9}"
EndProject
Project("{9A19103F-16F7-4668-BE54-9A1E7A4F7556}") = "Dmd.CodeGenerator.Test", "test\CodeGenerator\Dmd.CodeGenerator.Test\Dmd.CodeGenerator.Test.csproj", "{73F4F42C-1CDF-44B8-BA47-B685B6B16575}"
EndProject
Project("{2150E333-8FDC-42A3-9474-1A3956D46DE8}") = "CodeGenerator", "CodeGenerator", "{6489F7BE-B8C6-481A-8EC1-DC98C9F3A3D4}"
EndProject
Project("{2150E333-8FDC-42A3-9474-1A3956D46DE8}") = "samples", "samples", "{6D1CACFD-4088-487A-AE2F-EDE3BC9F0D40}"
EndProject
Project("{9A19103F-16F7-4668-BE54-9A1E7A4F7556}") = "SourceGeneratorSample", "samples\SourceGeneratorSample\SourceGeneratorSample.csproj", "{0ED244EA-31D0-4EA2-B000-7D2829D1401C}"
EndProject
Project("{9A19103F-16F7-4668-BE54-9A1E7A4F7556}") = "Dmd.SourceOptions", "src\Dmd.SourceOptions\Dmd.SourceOptions.csproj", "{7E8E6AB6-313D-4DB8-93BE-174D7FB1C42B}"
EndProject
Project("{9A19103F-16F7-4668-BE54-9A1E7A4F7556}") = "Dmd.CodeGenerator", "src\Dmd.CodeGenerator\Dmd.CodeGenerator.csproj", "{EB31A598-9D9F-4862-A904-559F9288B98F}"
EndProject
Project("{9A19103F-16F7-4668-BE54-9A1E7A4F7556}") = "Dmd.Designer", "src\Dmd.Designer\Dmd.Designer.csproj", "{D981A9D6-E92E-4760-A4EB-7B1B2B474357}"
EndProject
Global
	GlobalSection(SolutionConfigurationPlatforms) = preSolution
		Debug|Any CPU = Debug|Any CPU
		Release|Any CPU = Release|Any CPU
	EndGlobalSection
	GlobalSection(ProjectConfigurationPlatforms) = postSolution
		{73F4F42C-1CDF-44B8-BA47-B685B6B16575}.Debug|Any CPU.ActiveCfg = Debug|Any CPU
		{73F4F42C-1CDF-44B8-BA47-B685B6B16575}.Debug|Any CPU.Build.0 = Debug|Any CPU
		{73F4F42C-1CDF-44B8-BA47-B685B6B16575}.Release|Any CPU.ActiveCfg = Release|Any CPU
		{73F4F42C-1CDF-44B8-BA47-B685B6B16575}.Release|Any CPU.Build.0 = Release|Any CPU
		{0ED244EA-31D0-4EA2-B000-7D2829D1401C}.Debug|Any CPU.ActiveCfg = Debug|Any CPU
		{0ED244EA-31D0-4EA2-B000-7D2829D1401C}.Debug|Any CPU.Build.0 = Debug|Any CPU
		{0ED244EA-31D0-4EA2-B000-7D2829D1401C}.Release|Any CPU.ActiveCfg = Release|Any CPU
		{0ED244EA-31D0-4EA2-B000-7D2829D1401C}.Release|Any CPU.Build.0 = Release|Any CPU
		{7E8E6AB6-313D-4DB8-93BE-174D7FB1C42B}.Debug|Any CPU.ActiveCfg = Debug|Any CPU
		{7E8E6AB6-313D-4DB8-93BE-174D7FB1C42B}.Debug|Any CPU.Build.0 = Debug|Any CPU
		{7E8E6AB6-313D-4DB8-93BE-174D7FB1C42B}.Release|Any CPU.ActiveCfg = Release|Any CPU
		{7E8E6AB6-313D-4DB8-93BE-174D7FB1C42B}.Release|Any CPU.Build.0 = Release|Any CPU
		{EB31A598-9D9F-4862-A904-559F9288B98F}.Debug|Any CPU.ActiveCfg = Debug|Any CPU
		{EB31A598-9D9F-4862-A904-559F9288B98F}.Debug|Any CPU.Build.0 = Debug|Any CPU
		{EB31A598-9D9F-4862-A904-559F9288B98F}.Release|Any CPU.ActiveCfg = Release|Any CPU
		{EB31A598-9D9F-4862-A904-559F9288B98F}.Release|Any CPU.Build.0 = Release|Any CPU
		{D981A9D6-E92E-4760-A4EB-7B1B2B474357}.Debug|Any CPU.ActiveCfg = Debug|Any CPU
		{D981A9D6-E92E-4760-A4EB-7B1B2B474357}.Debug|Any CPU.Build.0 = Debug|Any CPU
		{D981A9D6-E92E-4760-A4EB-7B1B2B474357}.Release|Any CPU.ActiveCfg = Release|Any CPU
		{D981A9D6-E92E-4760-A4EB-7B1B2B474357}.Release|Any CPU.Build.0 = Release|Any CPU
	EndGlobalSection
	GlobalSection(SolutionProperties) = preSolution
		HideSolutionNode = FALSE
	EndGlobalSection
	GlobalSection(NestedProjects) = preSolution
		{73F4F42C-1CDF-44B8-BA47-B685B6B16575} = {6489F7BE-B8C6-481A-8EC1-DC98C9F3A3D4}
		{6489F7BE-B8C6-481A-8EC1-DC98C9F3A3D4} = {43B2A42E-B102-4034-93F3-9D99B40444A9}
		{0ED244EA-31D0-4EA2-B000-7D2829D1401C} = {6D1CACFD-4088-487A-AE2F-EDE3BC9F0D40}
		{7E8E6AB6-313D-4DB8-93BE-174D7FB1C42B} = {1E73786F-3390-486A-B3F9-705B7AF6466C}
		{EB31A598-9D9F-4862-A904-559F9288B98F} = {1E73786F-3390-486A-B3F9-705B7AF6466C}
		{D981A9D6-E92E-4760-A4EB-7B1B2B474357} = {1E73786F-3390-486A-B3F9-705B7AF6466C}
	EndGlobalSection
	GlobalSection(ExtensibilityGlobals) = postSolution
		SolutionGuid = {0622CE50-FAB5-43DC-AA29-6149823E903A}
	EndGlobalSection
EndGlobal
